
Microsoft Visual Studio Solution File, Format Version 12.00
# Visual Studio 14
VisualStudioVersion = 14.0.24720.0
MinimumVisualStudioVersion = 10.0.40219.1
Project("{FAE04EC0-301F-11D3-BF4B-00C04F79EFBC}") = "TweetCrawler", "TweetCrawler.csproj", "{478ECAD3-A584-4DBA-8BCC-470DCDE789DA}"
EndProject
Global
	GlobalSection(SolutionConfigurationPlatforms) = preSolution
		Debug|Any CPU = Debug|Any CPU
		Release|Any CPU = Release|Any CPU
	EndGlobalSection
	GlobalSection(ProjectConfigurationPlatforms) = postSolution
		{478ECAD3-A584-4DBA-8BCC-470DCDE789DA}.Debug|Any CPU.ActiveCfg = Debug|Any CPU
		{478ECAD3-A584-4DBA-8BCC-470DCDE789DA}.Debug|Any CPU.Build.0 = Debug|Any CPU
		{478ECAD3-A584-4DBA-8BCC-470DCDE789DA}.Release|Any CPU.ActiveCfg = Release|Any CPU
		{478ECAD3-A584-4DBA-8BCC-470DCDE789DA}.Release|Any CPU.Build.0 = Release|Any CPU
	EndGlobalSection
	GlobalSection(SolutionProperties) = preSolution
		HideSolutionNode = FALSE
	EndGlobalSection
EndGlobal
